// !$*UTF8*$!
{
	archiveVersion = 1;
	classes = {
	};
	objectVersion = 55;
	objects = {

/* Begin PBXBuildFile section */
		87283EA327764BF700ECAEBC /* ToDoListApp.swift in Sources */ = {isa = PBXBuildFile; fileRef = 87283EA227764BF700ECAEBC /* ToDoListApp.swift */; };
		87283EA527764BF700ECAEBC /* ContentView.swift in Sources */ = {isa = PBXBuildFile; fileRef = 87283EA427764BF700ECAEBC /* ContentView.swift */; };
		87283EA727764BF700ECAEBC /* Assets.xcassets in Resources */ = {isa = PBXBuildFile; fileRef = 87283EA627764BF700ECAEBC /* Assets.xcassets */; };
		87283EAA27764BF700ECAEBC /* Preview Assets.xcassets in Resources */ = {isa = PBXBuildFile; fileRef = 87283EA927764BF700ECAEBC /* Preview Assets.xcassets */; };
		87283EB127764BFF00ECAEBC /* TaskView.swift in Sources */ = {isa = PBXBuildFile; fileRef = 87283EB027764BFF00ECAEBC /* TaskView.swift */; };
		87283EB527764CD500ECAEBC /* TaskRow.swift in Sources */ = {isa = PBXBuildFile; fileRef = 87283EB427764CD500ECAEBC /* TaskRow.swift */; };
		87283EB727764DB000ECAEBC /* AddTaskView.swift in Sources */ = {isa = PBXBuildFile; fileRef = 87283EB627764DB000ECAEBC /* AddTaskView.swift */; };
		87283EB927764EDD00ECAEBC /* SmallAddButton.swift in Sources */ = {isa = PBXBuildFile; fileRef = 87283EB827764EDD00ECAEBC /* SmallAddButton.swift */; };
		877E1013277A4CFF00306513 /* NoTasksView.swift in Sources */ = {isa = PBXBuildFile; fileRef = 877E1012277A4CFF00306513 /* NoTasksView.swift */; };
		877E1017277A60F500306513 /* LaunchScreen.storyboard in Resources */ = {isa = PBXBuildFile; fileRef = 877E1016277A60F500306513 /* LaunchScreen.storyboard */; };
		87CBBC402777A1EB007C54AA /* Realm in Frameworks */ = {isa = PBXBuildFile; productRef = 87CBBC3F2777A1EB007C54AA /* Realm */; };
		87CBBC422777A1EB007C54AA /* RealmSwift in Frameworks */ = {isa = PBXBuildFile; productRef = 87CBBC412777A1EB007C54AA /* RealmSwift */; };
		87CBBC452777A77A007C54AA /* RealmManager.swift in Sources */ = {isa = PBXBuildFile; fileRef = 87CBBC442777A77A007C54AA /* RealmManager.swift */; };
		87CBBC472777A9E7007C54AA /* Task.swift in Sources */ = {isa = PBXBuildFile; fileRef = 87CBBC462777A9E7007C54AA /* Task.swift */; };
/* End PBXBuildFile section */

/* Begin PBXFileReference section */
		87283E9F27764BF700ECAEBC /* ToDoList.app */ = {isa = PBXFileReference; explicitFileType = wrapper.application; includeInIndex = 0; path = ToDoList.app; sourceTree = BUILT_PRODUCTS_DIR; };
		87283EA227764BF700ECAEBC /* ToDoListApp.swift */ = {isa = PBXFileReference; lastKnownFileType = sourcecode.swift; path = ToDoListApp.swift; sourceTree = "<group>"; };
		87283EA427764BF700ECAEBC /* ContentView.swift */ = {isa = PBXFileReference; lastKnownFileType = sourcecode.swift; path = ContentView.swift; sourceTree = "<group>"; };
		87283EA627764BF700ECAEBC /* Assets.xcassets */ = {isa = PBXFileReference; lastKnownFileType = folder.assetcatalog; path = Assets.xcassets; sourceTree = "<group>"; };
		87283EA927764BF700ECAEBC /* Preview Assets.xcassets */ = {isa = PBXFileReference; lastKnownFileType = folder.assetcatalog; path = "Preview Assets.xcassets"; sourceTree = "<group>"; };
		87283EB027764BFF00ECAEBC /* TaskView.swift */ = {isa = PBXFileReference; lastKnownFileType = sourcecode.swift; path = TaskView.swift; sourceTree = "<group>"; };
		87283EB427764CD500ECAEBC /* TaskRow.swift */ = {isa = PBXFileReference; lastKnownFileType = sourcecode.swift; path = TaskRow.swift; sourceTree = "<group>"; };
		87283EB627764DB000ECAEBC /* AddTaskView.swift */ = {isa = PBXFileReference; lastKnownFileType = sourcecode.swift; path = AddTaskView.swift; sourceTree = "<group>"; };
		87283EB827764EDD00ECAEBC /* SmallAddButton.swift */ = {isa = PBXFileReference; lastKnownFileType = sourcecode.swift; path = SmallAddButton.swift; sourceTree = "<group>"; };
		877E1012277A4CFF00306513 /* NoTasksView.swift */ = {isa = PBXFileReference; lastKnownFileType = sourcecode.swift; path = NoTasksView.swift; sourceTree = SOURCE_ROOT; };
		877E1016277A60F500306513 /* LaunchScreen.storyboard */ = {isa = PBXFileReference; fileEncoding = 4; lastKnownFileType = file.storyboard; path = LaunchScreen.storyboard; sourceTree = "<group>"; };
		87CBBC442777A77A007C54AA /* RealmManager.swift */ = {isa = PBXFileReference; lastKnownFileType = sourcecode.swift; path = RealmManager.swift; sourceTree = "<group>"; };
		87CBBC462777A9E7007C54AA /* Task.swift */ = {isa = PBXFileReference; lastKnownFileType = sourcecode.swift; path = Task.swift; sourceTree = "<group>"; };
/* End PBXFileReference section */

/* Begin PBXFrameworksBuildPhase section */
		87283E9C27764BF700ECAEBC /* Frameworks */ = {
			isa = PBXFrameworksBuildPhase;
			buildActionMask = 2147483647;
			files = (
				87CBBC422777A1EB007C54AA /* RealmSwift in Frameworks */,
				87CBBC402777A1EB007C54AA /* Realm in Frameworks */,
			);
			runOnlyForDeploymentPostprocessing = 0;
		};
/* End PBXFrameworksBuildPhase section */

/* Begin PBXGroup section */
		87283E9627764BF700ECAEBC = {
			isa = PBXGroup;
			children = (
				87283EA127764BF700ECAEBC /* ToDoList */,
				87283EA027764BF700ECAEBC /* Products */,
			);
			sourceTree = "<group>";
		};
		87283EA027764BF700ECAEBC /* Products */ = {
			isa = PBXGroup;
			children = (
				87283E9F27764BF700ECAEBC /* ToDoList.app */,
			);
			name = Products;
			sourceTree = "<group>";
		};
		87283EA127764BF700ECAEBC /* ToDoList */ = {
			isa = PBXGroup;
			children = (
				877E1016277A60F500306513 /* LaunchScreen.storyboard */,
				87283EB327764CCA00ECAEBC /* Components */,
				87283EB227764C0600ECAEBC /* Views */,
				87283EA227764BF700ECAEBC /* ToDoListApp.swift */,
				87283EA627764BF700ECAEBC /* Assets.xcassets */,
				87283EA827764BF700ECAEBC /* Preview Content */,
				87CBBC442777A77A007C54AA /* RealmManager.swift */,
				87CBBC462777A9E7007C54AA /* Task.swift */,
			);
			path = ToDoList;
			sourceTree = "<group>";
		};
		87283EA827764BF700ECAEBC /* Preview Content */ = {
			isa = PBXGroup;
			children = (
				87283EA927764BF700ECAEBC /* Preview Assets.xcassets */,
			);
			path = "Preview Content";
			sourceTree = "<group>";
		};
		87283EB227764C0600ECAEBC /* Views */ = {
			isa = PBXGroup;
			children = (
				877E1012277A4CFF00306513 /* NoTasksView.swift */,
				87283EA427764BF700ECAEBC /* ContentView.swift */,
				87283EB027764BFF00ECAEBC /* TaskView.swift */,
				87283EB627764DB000ECAEBC /* AddTaskView.swift */,
			);
			path = Views;
			sourceTree = "<group>";
		};
		87283EB327764CCA00ECAEBC /* Components */ = {
			isa = PBXGroup;
			children = (
				87283EB427764CD500ECAEBC /* TaskRow.swift */,
				87283EB827764EDD00ECAEBC /* SmallAddButton.swift */,
			);
			path = Components;
			sourceTree = "<group>";
		};
/* End PBXGroup section */

/* Begin PBXNativeTarget section */
		87283E9E27764BF700ECAEBC /* ToDoList */ = {
			isa = PBXNativeTarget;
			buildConfigurationList = 87283EAD27764BF700ECAEBC /* Build configuration list for PBXNativeTarget "ToDoList" */;
			buildPhases = (
				87283E9B27764BF700ECAEBC /* Sources */,
				87283E9C27764BF700ECAEBC /* Frameworks */,
				87283E9D27764BF700ECAEBC /* Resources */,
			);
			buildRules = (
			);
			dependencies = (
			);
			name = ToDoList;
			packageProductDependencies = (
				87CBBC3F2777A1EB007C54AA /* Realm */,
				87CBBC412777A1EB007C54AA /* RealmSwift */,
			);
			productName = ToDoList;
			productReference = 87283E9F27764BF700ECAEBC /* ToDoList.app */;
			productType = "com.apple.product-type.application";
		};
/* End PBXNativeTarget section */

/* Begin PBXProject section */
		87283E9727764BF700ECAEBC /* Project object */ = {
			isa = PBXProject;
			attributes = {
				BuildIndependentTargetsInParallel = 1;
				LastSwiftUpdateCheck = 1320;
				LastUpgradeCheck = 1320;
				TargetAttributes = {
					87283E9E27764BF700ECAEBC = {
						CreatedOnToolsVersion = 13.2;
					};
				};
			};
			buildConfigurationList = 87283E9A27764BF700ECAEBC /* Build configuration list for PBXProject "ToDoList" */;
			compatibilityVersion = "Xcode 13.0";
			developmentRegion = en;
			hasScannedForEncodings = 0;
			knownRegions = (
				en,
				Base,
			);
			mainGroup = 87283E9627764BF700ECAEBC;
			packageReferences = (
				87CBBC3E2777A1EB007C54AA /* XCRemoteSwiftPackageReference "realm-swift" */,
			);
			productRefGroup = 87283EA027764BF700ECAEBC /* Products */;
			projectDirPath = "";
			projectRoot = "";
			targets = (
				87283E9E27764BF700ECAEBC /* ToDoList */,
			);
		};
/* End PBXProject section */

/* Begin PBXResourcesBuildPhase section */
		87283E9D27764BF700ECAEBC /* Resources */ = {
			isa = PBXResourcesBuildPhase;
			buildActionMask = 2147483647;
			files = (
				877E1017277A60F500306513 /* LaunchScreen.storyboard in Resources */,
				87283EAA27764BF700ECAEBC /* Preview Assets.xcassets in Resources */,
				87283EA727764BF700ECAEBC /* Assets.xcassets in Resources */,
			);
			runOnlyForDeploymentPostprocessing = 0;
		};
/* End PBXResourcesBuildPhase section */

/* Begin PBXSourcesBuildPhase section */
		87283E9B27764BF700ECAEBC /* Sources */ = {
			isa = PBXSourcesBuildPhase;
			buildActionMask = 2147483647;
			files = (
				87CBBC472777A9E7007C54AA /* Task.swift in Sources */,
				87283EB127764BFF00ECAEBC /* TaskView.swift in Sources */,
				87283EB727764DB000ECAEBC /* AddTaskView.swift in Sources */,
				87283EA527764BF700ECAEBC /* ContentView.swift in Sources */,
				87283EB927764EDD00ECAEBC /* SmallAddButton.swift in Sources */,
				877E1013277A4CFF00306513 /* NoTasksView.swift in Sources */,
				87283EA327764BF700ECAEBC /* ToDoListApp.swift in Sources */,
				87CBBC452777A77A007C54AA /* RealmManager.swift in Sources */,
				87283EB527764CD500ECAEBC /* TaskRow.swift in Sources */,
			);
			runOnlyForDeploymentPostprocessing = 0;
		};
/* End PBXSourcesBuildPhase section */

/* Begin XCBuildConfiguration section */
		87283EAB27764BF700ECAEBC /* Debug */ = {
			isa = XCBuildConfiguration;
			buildSettings = {
				ALWAYS_SEARCH_USER_PATHS = NO;
				CLANG_ANALYZER_NONNULL = YES;
				CLANG_ANALYZER_NUMBER_OBJECT_CONVERSION = YES_AGGRESSIVE;
				CLANG_CXX_LANGUAGE_STANDARD = "gnu++17";
				CLANG_CXX_LIBRARY = "libc++";
				CLANG_ENABLE_MODULES = YES;
				CLANG_ENABLE_OBJC_ARC = YES;
				CLANG_ENABLE_OBJC_WEAK = YES;
				CLANG_WARN_BLOCK_CAPTURE_AUTORELEASING = YES;
				CLANG_WARN_BOOL_CONVERSION = YES;
				CLANG_WARN_COMMA = YES;
				CLANG_WARN_CONSTANT_CONVERSION = YES;
				CLANG_WARN_DEPRECATED_OBJC_IMPLEMENTATIONS = YES;
				CLANG_WARN_DIRECT_OBJC_ISA_USAGE = YES_ERROR;
				CLANG_WARN_DOCUMENTATION_COMMENTS = YES;
				CLANG_WARN_EMPTY_BODY = YES;
				CLANG_WARN_ENUM_CONVERSION = YES;
				CLANG_WARN_INFINITE_RECURSION = YES;
				CLANG_WARN_INT_CONVERSION = YES;
				CLANG_WARN_NON_LITERAL_NULL_CONVERSION = YES;
				CLANG_WARN_OBJC_IMPLICIT_RETAIN_SELF = YES;
				CLANG_WARN_OBJC_LITERAL_CONVERSION = YES;
				CLANG_WARN_OBJC_ROOT_CLASS = YES_ERROR;
				CLANG_WARN_QUOTED_INCLUDE_IN_FRAMEWORK_HEADER = YES;
				CLANG_WARN_RANGE_LOOP_ANALYSIS = YES;
				CLANG_WARN_STRICT_PROTOTYPES = YES;
				CLANG_WARN_SUSPICIOUS_MOVE = YES;
				CLANG_WARN_UNGUARDED_AVAILABILITY = YES_AGGRESSIVE;
				CLANG_WARN_UNREACHABLE_CODE = YES;
				CLANG_WARN__DUPLICATE_METHOD_MATCH = YES;
				COPY_PHASE_STRIP = NO;
				DEBUG_INFORMATION_FORMAT = dwarf;
				ENABLE_STRICT_OBJC_MSGSEND = YES;
				ENABLE_TESTABILITY = YES;
				GCC_C_LANGUAGE_STANDARD = gnu11;
				GCC_DYNAMIC_NO_PIC = NO;
				GCC_NO_COMMON_BLOCKS = YES;
				GCC_OPTIMIZATION_LEVEL = 0;
				GCC_PREPROCESSOR_DEFINITIONS = (
					"DEBUG=1",
					"$(inherited)",
				);
				GCC_WARN_64_TO_32_BIT_CONVERSION = YES;
				GCC_WARN_ABOUT_RETURN_TYPE = YES_ERROR;
				GCC_WARN_UNDECLARED_SELECTOR = YES;
				GCC_WARN_UNINITIALIZED_AUTOS = YES_AGGRESSIVE;
				GCC_WARN_UNUSED_FUNCTION = YES;
				GCC_WARN_UNUSED_VARIABLE = YES;
				IPHONEOS_DEPLOYMENT_TARGET = 15.2;
				MTL_ENABLE_DEBUG_INFO = INCLUDE_SOURCE;
				MTL_FAST_MATH = YES;
				ONLY_ACTIVE_ARCH = YES;
				SDKROOT = iphoneos;
				SWIFT_ACTIVE_COMPILATION_CONDITIONS = DEBUG;
				SWIFT_OPTIMIZATION_LEVEL = "-Onone";
			};
			name = Debug;
		};
		87283EAC27764BF700ECAEBC /* Release */ = {
			isa = XCBuildConfiguration;
			buildSettings = {
				ALWAYS_SEARCH_USER_PATHS = NO;
				CLANG_ANALYZER_NONNULL = YES;
				CLANG_ANALYZER_NUMBER_OBJECT_CONVERSION = YES_AGGRESSIVE;
				CLANG_CXX_LANGUAGE_STANDARD = "gnu++17";
				CLANG_CXX_LIBRARY = "libc++";
				CLANG_ENABLE_MODULES = YES;
				CLANG_ENABLE_OBJC_ARC = YES;
				CLANG_ENABLE_OBJC_WEAK = YES;
				CLANG_WARN_BLOCK_CAPTURE_AUTORELEASING = YES;
				CLANG_WARN_BOOL_CONVERSION = YES;
				CLANG_WARN_COMMA = YES;
				CLANG_WARN_CONSTANT_CONVERSION = YES;
				CLANG_WARN_DEPRECATED_OBJC_IMPLEMENTATIONS = YES;
				CLANG_WARN_DIRECT_OBJC_ISA_USAGE = YES_ERROR;
				CLANG_WARN_DOCUMENTATION_COMMENTS = YES;
				CLANG_WARN_EMPTY_BODY = YES;
				CLANG_WARN_ENUM_CONVERSION = YES;
				CLANG_WARN_INFINITE_RECURSION = YES;
				CLANG_WARN_INT_CONVERSION = YES;
				CLANG_WARN_NON_LITERAL_NULL_CONVERSION = YES;
				CLANG_WARN_OBJC_IMPLICIT_RETAIN_SELF = YES;
				CLANG_WARN_OBJC_LITERAL_CONVERSION = YES;
				CLANG_WARN_OBJC_ROOT_CLASS = YES_ERROR;
				CLANG_WARN_QUOTED_INCLUDE_IN_FRAMEWORK_HEADER = YES;
				CLANG_WARN_RANGE_LOOP_ANALYSIS = YES;
				CLANG_WARN_STRICT_PROTOTYPES = YES;
				CLANG_WARN_SUSPICIOUS_MOVE = YES;
				CLANG_WARN_UNGUARDED_AVAILABILITY = YES_AGGRESSIVE;
				CLANG_WARN_UNREACHABLE_CODE = YES;
				CLANG_WARN__DUPLICATE_METHOD_MATCH = YES;
				COPY_PHASE_STRIP = NO;
				DEBUG_INFORMATION_FORMAT = "dwarf-with-dsym";
				ENABLE_NS_ASSERTIONS = NO;
				ENABLE_STRICT_OBJC_MSGSEND = YES;
				GCC_C_LANGUAGE_STANDARD = gnu11;
				GCC_NO_COMMON_BLOCKS = YES;
				GCC_WARN_64_TO_32_BIT_CONVERSION = YES;
				GCC_WARN_ABOUT_RETURN_TYPE = YES_ERROR;
				GCC_WARN_UNDECLARED_SELECTOR = YES;
				GCC_WARN_UNINITIALIZED_AUTOS = YES_AGGRESSIVE;
				GCC_WARN_UNUSED_FUNCTION = YES;
				GCC_WARN_UNUSED_VARIABLE = YES;
				IPHONEOS_DEPLOYMENT_TARGET = 15.2;
				MTL_ENABLE_DEBUG_INFO = NO;
				MTL_FAST_MATH = YES;
				SDKROOT = iphoneos;
				SWIFT_COMPILATION_MODE = wholemodule;
				SWIFT_OPTIMIZATION_LEVEL = "-O";
				VALIDATE_PRODUCT = YES;
			};
			name = Release;
		};
		87283EAE27764BF700ECAEBC /* Debug */ = {
			isa = XCBuildConfiguration;
			buildSettings = {
				ASSETCATALOG_COMPILER_APPICON_NAME = AppIcon;
				ASSETCATALOG_COMPILER_GLOBAL_ACCENT_COLOR_NAME = AccentColor;
				ASSETCATALOG_COMPILER_INCLUDE_ALL_APPICON_ASSETS = YES;
				CODE_SIGN_STYLE = Automatic;
				CURRENT_PROJECT_VERSION = 1;
				DEVELOPMENT_ASSET_PATHS = "\"ToDoList/Preview Content\"";
				DEVELOPMENT_TEAM = 2EDDZGZ55S;
				ENABLE_PREVIEWS = YES;
				GENERATE_INFOPLIST_FILE = YES;
				INFOPLIST_KEY_UIApplicationSceneManifest_Generation = YES;
				INFOPLIST_KEY_UIApplicationSupportsIndirectInputEvents = YES;
				INFOPLIST_KEY_UILaunchScreen_Generation = YES;
				INFOPLIST_KEY_UILaunchStoryboardName = LaunchScreen;
				INFOPLIST_KEY_UISupportedInterfaceOrientations_iPad = "UIInterfaceOrientationPortrait UIInterfaceOrientationPortraitUpsideDown UIInterfaceOrientationLandscapeLeft UIInterfaceOrientationLandscapeRight";
				INFOPLIST_KEY_UISupportedInterfaceOrientations_iPhone = "UIInterfaceOrientationPortrait UIInterfaceOrientationLandscapeLeft UIInterfaceOrientationLandscapeRight";
				LD_RUNPATH_SEARCH_PATHS = (
					"$(inherited)",
					"@executable_path/Frameworks",
				);
				MARKETING_VERSION = 1.0;
				PRODUCT_BUNDLE_IDENTIFIER = jandaur.anmol.ToDoList;
				PRODUCT_NAME = ToDoList;
				SWIFT_EMIT_LOC_STRINGS = YES;
				SWIFT_VERSION = 5.0;
				TARGETED_DEVICE_FAMILY = "1,2";
			};
			name = Debug;
		};
		87283EAF27764BF700ECAEBC /* Release */ = {
			isa = XCBuildConfiguration;
			buildSettings = {
				ASSETCATALOG_COMPILER_APPICON_NAME = AppIcon;
				ASSETCATALOG_COMPILER_GLOBAL_ACCENT_COLOR_NAME = AccentColor;
				ASSETCATALOG_COMPILER_INCLUDE_ALL_APPICON_ASSETS = YES;
				CODE_SIGN_STYLE = Automatic;
				CURRENT_PROJECT_VERSION = 1;
				DEVELOPMENT_ASSET_PATHS = "\"ToDoList/Preview Content\"";
				DEVELOPMENT_TEAM = 2EDDZGZ55S;
				ENABLE_PREVIEWS = YES;
				GENERATE_INFOPLIST_FILE = YES;
				INFOPLIST_KEY_UIApplicationSceneManifest_Generation = YES;
				INFOPLIST_KEY_UIApplicationSupportsIndirectInputEvents = YES;
				INFOPLIST_KEY_UILaunchScreen_Generation = YES;
				INFOPLIST_KEY_UILaunchStoryboardName = LaunchScreen;
				INFOPLIST_KEY_UISupportedInterfaceOrientations_iPad = "UIInterfaceOrientationPortrait UIInterfaceOrientationPortraitUpsideDown UIInterfaceOrientationLandscapeLeft UIInterfaceOrientationLandscapeRight";
				INFOPLIST_KEY_UISupportedInterfaceOrientations_iPhone = "UIInterfaceOrientationPortrait UIInterfaceOrientationLandscapeLeft UIInterfaceOrientationLandscapeRight";
				LD_RUNPATH_SEARCH_PATHS = (
					"$(inherited)",
					"@executable_path/Frameworks",
				);
				MARKETING_VERSION = 1.0;
				PRODUCT_BUNDLE_IDENTIFIER = jandaur.anmol.ToDoList;
				PRODUCT_NAME = ToDoList;
				SWIFT_EMIT_LOC_STRINGS = YES;
				SWIFT_VERSION = 5.0;
				TARGETED_DEVICE_FAMILY = "1,2";
			};
			name = Release;
		};
/* End XCBuildConfiguration section */

/* Begin XCConfigurationList section */
		87283E9A27764BF700ECAEBC /* Build configuration list for PBXProject "ToDoList" */ = {
			isa = XCConfigurationList;
			buildConfigurations = (
				87283EAB27764BF700ECAEBC /* Debug */,
				87283EAC27764BF700ECAEBC /* Release */,
			);
			defaultConfigurationIsVisible = 0;
			defaultConfigurationName = Release;
		};
		87283EAD27764BF700ECAEBC /* Build configuration list for PBXNativeTarget "ToDoList" */ = {
			isa = XCConfigurationList;
			buildConfigurations = (
				87283EAE27764BF700ECAEBC /* Debug */,
				87283EAF27764BF700ECAEBC /* Release */,
			);
			defaultConfigurationIsVisible = 0;
			defaultConfigurationName = Release;
		};
/* End XCConfigurationList section */

/* Begin XCRemoteSwiftPackageReference section */
		87CBBC3E2777A1EB007C54AA /* XCRemoteSwiftPackageReference "realm-swift" */ = {
			isa = XCRemoteSwiftPackageReference;
			repositoryURL = "https://github.com/realm/realm-swift";
			requirement = {
				kind = upToNextMajorVersion;
				minimumVersion = 10.10.0;
			};
		};
/* End XCRemoteSwiftPackageReference section */

/* Begin XCSwiftPackageProductDependency section */
		87CBBC3F2777A1EB007C54AA /* Realm */ = {
			isa = XCSwiftPackageProductDependency;
			package = 87CBBC3E2777A1EB007C54AA /* XCRemoteSwiftPackageReference "realm-swift" */;
			productName = Realm;
		};
		87CBBC412777A1EB007C54AA /* RealmSwift */ = {
			isa = XCSwiftPackageProductDependency;
			package = 87CBBC3E2777A1EB007C54AA /* XCRemoteSwiftPackageReference "realm-swift" */;
			productName = RealmSwift;
		};
/* End XCSwiftPackageProductDependency section */
	};
	rootObject = 87283E9727764BF700ECAEBC /* Project object */;
}
